{
  "ss-nixpkgs": {
    "repo": "https://github.com/NixOS/nixpkgs",
    "rev": "b729601a9e6c459fd8884dea513af143111bed54",
    "hash": "05m8d4hj2ifkypwddy152rkxdwcdzicy5si3pqwgnhxw62l7a2fl"
  },
  "ss-templates-nixpkgs": {
    "repo": "https://github.com/NixOS/nixpkgs",
    "rev": "453402b94f39f968a7c27df28e060f69e4a50c3b",
    "hash": "10ipmhb34ccrbndiryzbgqfdjaw1w7c05wi22yg45m605nxsl3w9"
  },
  "python_units-nixpkgs-python": {
    "repo": "https://github.com/cachix/nixpkgs-python",
    "rev": "7c550bca7e6cf95898e32eb2173efe7ebb447460",
    "hash": "0pyi6rfb6h9ivic53bgbakvphxbrkv0zv81n0w2ja9c9l88qx8xj"
  },
  "python_units-nixpkgs": {
    "repo": "https://github.com/NixOS/nixpkgs",
    "rev": "13fe00cb6c75461901f072ae62b5805baef9f8b2",
    "hash": "0vybq6rd8m9m53a12ijj0l79rfj6np7yywdr3sbj36c22z8mh1gl"
  },
  "templates-nixpkgs": {
    "repo": "https://github.com/NixOS/nixpkgs",
    "rev": "9bb1e7571aadf31ddb4af77fc64b2d59580f9a39",
    "hash": "1kkzvi3vc14k6sp829hc73228yixjl4m4sp37scjynx4shmhbpb1"
  }
}
