{
  "ss-nixpkgs": {
    "repo": "https://github.com/NixOS/nixpkgs",
    "rev": "b729601a9e6c459fd8884dea513af143111bed54",
    "hash": "05m8d4hj2ifkypwddy152rkxdwcdzicy5si3pqwgnhxw62l7a2fl"
  },
  "python_units-nixpkgs": {
    "repo": "https://github.com/NixOS/nixpkgs",
    "rev": "7c67f72893a04c0b15422cb6f951ed0c8238aa50",
    "hash": "1f9bv0cizpj5m0rdfycaq49qbzrv635gyr8vzyzsjnyvhgrrw6ql"
  },
  "ss-templates-nixpkgs": {
    "repo": "https://github.com/NixOS/nixpkgs",
    "rev": "453402b94f39f968a7c27df28e060f69e4a50c3b",
    "hash": "10ipmhb34ccrbndiryzbgqfdjaw1w7c05wi22yg45m605nxsl3w9"
  }
}
