{
  "nixpkgs": {
    "repo": "https://github.com/NixOS/nixpkgs",
    "rev": "ed5f4b938fa96aa6ad20fff3b04bd96bf5abb3f9",
    "hash": "0a05llkr5c1igzfcbinc262nppykzil22hzk14d7g6vypkma40m3"
  },
  "python_units": {
    "repo": "https://github.com/ianluo/python_units",
    "rev": "5563efcf1f9226796eaf2cec3e4f32498ba0a19e",
    "hash": "1wx3cllwr7x7rcjpn4rq04f6f8im8r9vmgs8w2lypdiw2pgkgcc3"
  },
  "ss": {
    "repo": "https://github.com/ianluo/templates",
    "rev": "5703beed40a2d85be06c6dbd43fbdc9ff1138c07",
    "hash": "1vbynhrjq4j3w2h6fb3vz5z78r4skpynds7wscpdimnz4dwaal6k"
  }
}
